
Microsoft Visual Studio Solution File, Format Version 12.00
Project("{FAE04EC0-301F-11D3-BF4B-00C04F79EFBC}") = "Coucher.WebApi", "Coucher.WebApi\Coucher.WebApi.csproj", "{6FDD5F57-C2AD-4226-A6D4-64BEC8E3C7B2}"
EndProject
Project("{FAE04EC0-301F-11D3-BF4B-00C04F79EFBC}") = "Augustus.Infra.Core", "..\Infra.Core\Augustus.Infra.Core\Augustus.Infra.Core.csproj", "{2F4DE4B8-B409-41E4-A82B-590B800D198B}"
EndProject
Global
	GlobalSection(SolutionConfigurationPlatforms) = preSolution
		Debug|Any CPU = Debug|Any CPU
		Release|Any CPU = Release|Any CPU
	EndGlobalSection
	GlobalSection(ProjectConfigurationPlatforms) = postSolution
		{6FDD5F57-C2AD-4226-A6D4-64BEC8E3C7B2}.Debug|Any CPU.ActiveCfg = Debug|Any CPU
		{6FDD5F57-C2AD-4226-A6D4-64BEC8E3C7B2}.Debug|Any CPU.Build.0 = Debug|Any CPU
		{6FDD5F57-C2AD-4226-A6D4-64BEC8E3C7B2}.Release|Any CPU.ActiveCfg = Release|Any CPU
		{6FDD5F57-C2AD-4226-A6D4-64BEC8E3C7B2}.Release|Any CPU.Build.0 = Release|Any CPU
		{2F4DE4B8-B409-41E4-A82B-590B800D198B}.Debug|Any CPU.ActiveCfg = Debug|Any CPU
		{2F4DE4B8-B409-41E4-A82B-590B800D198B}.Debug|Any CPU.Build.0 = Debug|Any CPU
		{2F4DE4B8-B409-41E4-A82B-590B800D198B}.Release|Any CPU.ActiveCfg = Release|Any CPU
		{2F4DE4B8-B409-41E4-A82B-590B800D198B}.Release|Any CPU.Build.0 = Release|Any CPU
	EndGlobalSection
EndGlobal
